// !$*UTF8*$!
{
	archiveVersion = 1;
	classes = {
	};
	objectVersion = 77;
	objects = {

/* Begin PBXContainerItemProxy section */
		A9A404612E86E2AA00722290 /* PBXContainerItemProxy */ = {
			isa = PBXContainerItemProxy;
			containerPortal = A9A404452E86E2A900722290 /* Project object */;
			proxyType = 1;
			remoteGlobalIDString = A9A4044C2E86E2A900722290;
			remoteInfo = DesktopHomeInfoScraper;
		};
		A9A4046B2E86E2AA00722290 /* PBXContainerItemProxy */ = {
			isa = PBXContainerItemProxy;
			containerPortal = A9A404452E86E2A900722290 /* Project object */;
			proxyType = 1;
			remoteGlobalIDString = A9A4044C2E86E2A900722290;
			remoteInfo = DesktopHomeInfoScraper;
		};
/* End PBXContainerItemProxy section */

/* Begin PBXFileReference section */
		A9A4044D2E86E2A900722290 /* DesktopHomeInfoScraper.app */ = {isa = PBXFileReference; explicitFileType = wrapper.application; includeInIndex = 0; path = DesktopHomeInfoScraper.app; sourceTree = BUILT_PRODUCTS_DIR; };
		A9A404602E86E2AA00722290 /* DesktopHomeInfoScraperTests.xctest */ = {isa = PBXFileReference; explicitFileType = wrapper.cfbundle; includeInIndex = 0; path = DesktopHomeInfoScraperTests.xctest; sourceTree = BUILT_PRODUCTS_DIR; };
		A9A4046A2E86E2AA00722290 /* DesktopHomeInfoScraperUITests.xctest */ = {isa = PBXFileReference; explicitFileType = wrapper.cfbundle; includeInIndex = 0; path = DesktopHomeInfoScraperUITests.xctest; sourceTree = BUILT_PRODUCTS_DIR; };
/* End PBXFileReference section */

/* Begin PBXFileSystemSynchronizedRootGroup section */
		A9A4044F2E86E2A900722290 /* DesktopHomeInfoScraper */ = {
			isa = PBXFileSystemSynchronizedRootGroup;
			path = DesktopHomeInfoScraper;
			sourceTree = "<group>";
		};
		A9A404632E86E2AA00722290 /* DesktopHomeInfoScraperTests */ = {
			isa = PBXFileSystemSynchronizedRootGroup;
			path = DesktopHomeInfoScraperTests;
			sourceTree = "<group>";
		};
		A9A4046D2E86E2AA00722290 /* DesktopHomeInfoScraperUITests */ = {
			isa = PBXFileSystemSynchronizedRootGroup;
			path = DesktopHomeInfoScraperUITests;
			sourceTree = "<group>";
		};
/* End PBXFileSystemSynchronizedRootGroup section */

/* Begin PBXFrameworksBuildPhase section */
		A9A4044A2E86E2A900722290 /* Frameworks */ = {
			isa = PBXFrameworksBuildPhase;
			buildActionMask = 2147483647;
			files = (
			);
			runOnlyForDeploymentPostprocessing = 0;
		};
		A9A4045D2E86E2AA00722290 /* Frameworks */ = {
			isa = PBXFrameworksBuildPhase;
			buildActionMask = 2147483647;
			files = (
			);
			runOnlyForDeploymentPostprocessing = 0;
		};
		A9A404672E86E2AA00722290 /* Frameworks */ = {
			isa = PBXFrameworksBuildPhase;
			buildActionMask = 2147483647;
			files = (
			);
			runOnlyForDeploymentPostprocessing = 0;
		};
/* End PBXFrameworksBuildPhase section */

/* Begin PBXGroup section */
		A9A404442E86E2A900722290 = {
			isa = PBXGroup;
			children = (
				A9A4044F2E86E2A900722290 /* DesktopHomeInfoScraper */,
				A9A404632E86E2AA00722290 /* DesktopHomeInfoScraperTests */,
				A9A4046D2E86E2AA00722290 /* DesktopHomeInfoScraperUITests */,
				A9A4044E2E86E2A900722290 /* Products */,
			);
			sourceTree = "<group>";
		};
		A9A4044E2E86E2A900722290 /* Products */ = {
			isa = PBXGroup;
			children = (
				A9A4044D2E86E2A900722290 /* DesktopHomeInfoScraper.app */,
				A9A404602E86E2AA00722290 /* DesktopHomeInfoScraperTests.xctest */,
				A9A4046A2E86E2AA00722290 /* DesktopHomeInfoScraperUITests.xctest */,
			);
			name = Products;
			sourceTree = "<group>";
		};
/* End PBXGroup section */

/* Begin PBXNativeTarget section */
		A9A4044C2E86E2A900722290 /* DesktopHomeInfoScraper */ = {
			isa = PBXNativeTarget;
			buildConfigurationList = A9A404742E86E2AA00722290 /* Build configuration list for PBXNativeTarget "DesktopHomeInfoScraper" */;
			buildPhases = (
				A9A404492E86E2A900722290 /* Sources */,
				A9A4044A2E86E2A900722290 /* Frameworks */,
				A9A4044B2E86E2A900722290 /* Resources */,
			);
			buildRules = (
			);
			dependencies = (
			);
			fileSystemSynchronizedGroups = (
				A9A4044F2E86E2A900722290 /* DesktopHomeInfoScraper */,
			);
			name = DesktopHomeInfoScraper;
			packageProductDependencies = (
			);
			productName = DesktopHomeInfoScraper;
			productReference = A9A4044D2E86E2A900722290 /* DesktopHomeInfoScraper.app */;
			productType = "com.apple.product-type.application";
		};
		A9A4045F2E86E2AA00722290 /* DesktopHomeInfoScraperTests */ = {
			isa = PBXNativeTarget;
			buildConfigurationList = A9A404772E86E2AA00722290 /* Build configuration list for PBXNativeTarget "DesktopHomeInfoScraperTests" */;
			buildPhases = (
				A9A4045C2E86E2AA00722290 /* Sources */,
				A9A4045D2E86E2AA00722290 /* Frameworks */,
				A9A4045E2E86E2AA00722290 /* Resources */,
			);
			buildRules = (
			);
			dependencies = (
				A9A404622E86E2AA00722290 /* PBXTargetDependency */,
			);
			fileSystemSynchronizedGroups = (
				A9A404632E86E2AA00722290 /* DesktopHomeInfoScraperTests */,
			);
			name = DesktopHomeInfoScraperTests;
			packageProductDependencies = (
			);
			productName = DesktopHomeInfoScraperTests;
			productReference = A9A404602E86E2AA00722290 /* DesktopHomeInfoScraperTests.xctest */;
			productType = "com.apple.product-type.bundle.unit-test";
		};
		A9A404692E86E2AA00722290 /* DesktopHomeInfoScraperUITests */ = {
			isa = PBXNativeTarget;
			buildConfigurationList = A9A4047A2E86E2AA00722290 /* Build configuration list for PBXNativeTarget "DesktopHomeInfoScraperUITests" */;
			buildPhases = (
				A9A404662E86E2AA00722290 /* Sources */,
				A9A404672E86E2AA00722290 /* Frameworks */,
				A9A404682E86E2AA00722290 /* Resources */,
			);
			buildRules = (
			);
			dependencies = (
				A9A4046C2E86E2AA00722290 /* PBXTargetDependency */,
			);
			fileSystemSynchronizedGroups = (
				A9A4046D2E86E2AA00722290 /* DesktopHomeInfoScraperUITests */,
			);
			name = DesktopHomeInfoScraperUITests;
			packageProductDependencies = (
			);
			productName = DesktopHomeInfoScraperUITests;
			productReference = A9A4046A2E86E2AA00722290 /* DesktopHomeInfoScraperUITests.xctest */;
			productType = "com.apple.product-type.bundle.ui-testing";
		};
/* End PBXNativeTarget section */

/* Begin PBXProject section */
		A9A404452E86E2A900722290 /* Project object */ = {
			isa = PBXProject;
			attributes = {
				BuildIndependentTargetsInParallel = 1;
				LastSwiftUpdateCheck = 1640;
				LastUpgradeCheck = 1640;
				TargetAttributes = {
					A9A4044C2E86E2A900722290 = {
						CreatedOnToolsVersion = 16.4;
					};
					A9A4045F2E86E2AA00722290 = {
						CreatedOnToolsVersion = 16.4;
						TestTargetID = A9A4044C2E86E2A900722290;
					};
					A9A404692E86E2AA00722290 = {
						CreatedOnToolsVersion = 16.4;
						TestTargetID = A9A4044C2E86E2A900722290;
					};
				};
			};
			buildConfigurationList = A9A404482E86E2A900722290 /* Build configuration list for PBXProject "DesktopHomeInfoScraper" */;
			developmentRegion = en;
			hasScannedForEncodings = 0;
			knownRegions = (
				en,
				Base,
			);
			mainGroup = A9A404442E86E2A900722290;
			minimizedProjectReferenceProxies = 1;
			preferredProjectObjectVersion = 77;
			productRefGroup = A9A4044E2E86E2A900722290 /* Products */;
			projectDirPath = "";
			projectRoot = "";
			targets = (
				A9A4044C2E86E2A900722290 /* DesktopHomeInfoScraper */,
				A9A4045F2E86E2AA00722290 /* DesktopHomeInfoScraperTests */,
				A9A404692E86E2AA00722290 /* DesktopHomeInfoScraperUITests */,
			);
		};
/* End PBXProject section */

/* Begin PBXResourcesBuildPhase section */
		A9A4044B2E86E2A900722290 /* Resources */ = {
			isa = PBXResourcesBuildPhase;
			buildActionMask = 2147483647;
			files = (
			);
			runOnlyForDeploymentPostprocessing = 0;
		};
		A9A4045E2E86E2AA00722290 /* Resources */ = {
			isa = PBXResourcesBuildPhase;
			buildActionMask = 2147483647;
			files = (
			);
			runOnlyForDeploymentPostprocessing = 0;
		};
		A9A404682E86E2AA00722290 /* Resources */ = {
			isa = PBXResourcesBuildPhase;
			buildActionMask = 2147483647;
			files = (
			);
			runOnlyForDeploymentPostprocessing = 0;
		};
/* End PBXResourcesBuildPhase section */

/* Begin PBXSourcesBuildPhase section */
		A9A404492E86E2A900722290 /* Sources */ = {
			isa = PBXSourcesBuildPhase;
			buildActionMask = 2147483647;
			files = (
			);
			runOnlyForDeploymentPostprocessing = 0;
		};
		A9A4045C2E86E2AA00722290 /* Sources */ = {
			isa = PBXSourcesBuildPhase;
			buildActionMask = 2147483647;
			files = (
			);
			runOnlyForDeploymentPostprocessing = 0;
		};
		A9A404662E86E2AA00722290 /* Sources */ = {
			isa = PBXSourcesBuildPhase;
			buildActionMask = 2147483647;
			files = (
			);
			runOnlyForDeploymentPostprocessing = 0;
		};
/* End PBXSourcesBuildPhase section */

/* Begin PBXTargetDependency section */
		A9A404622E86E2AA00722290 /* PBXTargetDependency */ = {
			isa = PBXTargetDependency;
			target = A9A4044C2E86E2A900722290 /* DesktopHomeInfoScraper */;
			targetProxy = A9A404612E86E2AA00722290 /* PBXContainerItemProxy */;
		};
		A9A4046C2E86E2AA00722290 /* PBXTargetDependency */ = {
			isa = PBXTargetDependency;
			target = A9A4044C2E86E2A900722290 /* DesktopHomeInfoScraper */;
			targetProxy = A9A4046B2E86E2AA00722290 /* PBXContainerItemProxy */;
		};
/* End PBXTargetDependency section */

/* Begin XCBuildConfiguration section */
		A9A404722E86E2AA00722290 /* Debug */ = {
			isa = XCBuildConfiguration;
			buildSettings = {
				ALWAYS_SEARCH_USER_PATHS = NO;
				ASSETCATALOG_COMPILER_GENERATE_SWIFT_ASSET_SYMBOL_EXTENSIONS = YES;
				CLANG_ANALYZER_NONNULL = YES;
				CLANG_ANALYZER_NUMBER_OBJECT_CONVERSION = YES_AGGRESSIVE;
				CLANG_CXX_LANGUAGE_STANDARD = "gnu++20";
				CLANG_ENABLE_MODULES = YES;
				CLANG_ENABLE_OBJC_ARC = YES;
				CLANG_ENABLE_OBJC_WEAK = YES;
				CLANG_WARN_BLOCK_CAPTURE_AUTORELEASING = YES;
				CLANG_WARN_BOOL_CONVERSION = YES;
				CLANG_WARN_COMMA = YES;
				CLANG_WARN_CONSTANT_CONVERSION = YES;
				CLANG_WARN_DEPRECATED_OBJC_IMPLEMENTATIONS = YES;
				CLANG_WARN_DIRECT_OBJC_ISA_USAGE = YES_ERROR;
				CLANG_WARN_DOCUMENTATION_COMMENTS = YES;
				CLANG_WARN_EMPTY_BODY = YES;
				CLANG_WARN_ENUM_CONVERSION = YES;
				CLANG_WARN_INFINITE_RECURSION = YES;
				CLANG_WARN_INT_CONVERSION = YES;
				CLANG_WARN_NON_LITERAL_NULL_CONVERSION = YES;
				CLANG_WARN_OBJC_IMPLICIT_RETAIN_SELF = YES;
				CLANG_WARN_OBJC_LITERAL_CONVERSION = YES;
				CLANG_WARN_OBJC_ROOT_CLASS = YES_ERROR;
				CLANG_WARN_QUOTED_INCLUDE_IN_FRAMEWORK_HEADER = YES;
				CLANG_WARN_RANGE_LOOP_ANALYSIS = YES;
				CLANG_WARN_STRICT_PROTOTYPES = YES;
				CLANG_WARN_SUSPICIOUS_MOVE = YES;
				CLANG_WARN_UNGUARDED_AVAILABILITY = YES_AGGRESSIVE;
				CLANG_WARN_UNREACHABLE_CODE = YES;
				CLANG_WARN__DUPLICATE_METHOD_MATCH = YES;
				COPY_PHASE_STRIP = NO;
				DEBUG_INFORMATION_FORMAT = dwarf;
				DEVELOPMENT_TEAM = Q3CS4DPG9Y;
				ENABLE_STRICT_OBJC_MSGSEND = YES;
				ENABLE_TESTABILITY = YES;
				ENABLE_USER_SCRIPT_SANDBOXING = YES;
				GCC_C_LANGUAGE_STANDARD = gnu17;
				GCC_DYNAMIC_NO_PIC = NO;
				GCC_NO_COMMON_BLOCKS = YES;
				GCC_OPTIMIZATION_LEVEL = 0;
				GCC_PREPROCESSOR_DEFINITIONS = (
					"DEBUG=1",
					"$(inherited)",
				);
				GCC_WARN_64_TO_32_BIT_CONVERSION = YES;
				GCC_WARN_ABOUT_RETURN_TYPE = YES_ERROR;
				GCC_WARN_UNDECLARED_SELECTOR = YES;
				GCC_WARN_UNINITIALIZED_AUTOS = YES_AGGRESSIVE;
				GCC_WARN_UNUSED_FUNCTION = YES;
				GCC_WARN_UNUSED_VARIABLE = YES;
				LOCALIZATION_PREFERS_STRING_CATALOGS = YES;
				MACOSX_DEPLOYMENT_TARGET = 15.5;
				MTL_ENABLE_DEBUG_INFO = INCLUDE_SOURCE;
				MTL_FAST_MATH = YES;
				ONLY_ACTIVE_ARCH = YES;
				SDKROOT = macosx;
				SWIFT_ACTIVE_COMPILATION_CONDITIONS = "DEBUG $(inherited)";
				SWIFT_OPTIMIZATION_LEVEL = "-Onone";
			};
			name = Debug;
		};
		A9A404732E86E2AA00722290 /* Release */ = {
			isa = XCBuildConfiguration;
			buildSettings = {
				ALWAYS_SEARCH_USER_PATHS = NO;
				ASSETCATALOG_COMPILER_GENERATE_SWIFT_ASSET_SYMBOL_EXTENSIONS = YES;
				CLANG_ANALYZER_NONNULL = YES;
				CLANG_ANALYZER_NUMBER_OBJECT_CONVERSION = YES_AGGRESSIVE;
				CLANG_CXX_LANGUAGE_STANDARD = "gnu++20";
				CLANG_ENABLE_MODULES = YES;
				CLANG_ENABLE_OBJC_ARC = YES;
				CLANG_ENABLE_OBJC_WEAK = YES;
				CLANG_WARN_BLOCK_CAPTURE_AUTORELEASING = YES;
				CLANG_WARN_BOOL_CONVERSION = YES;
				CLANG_WARN_COMMA = YES;
				CLANG_WARN_CONSTANT_CONVERSION = YES;
				CLANG_WARN_DEPRECATED_OBJC_IMPLEMENTATIONS = YES;
				CLANG_WARN_DIRECT_OBJC_ISA_USAGE = YES_ERROR;
				CLANG_WARN_DOCUMENTATION_COMMENTS = YES;
				CLANG_WARN_EMPTY_BODY = YES;
				CLANG_WARN_ENUM_CONVERSION = YES;
				CLANG_WARN_INFINITE_RECURSION = YES;
				CLANG_WARN_INT_CONVERSION = YES;
				CLANG_WARN_NON_LITERAL_NULL_CONVERSION = YES;
				CLANG_WARN_OBJC_IMPLICIT_RETAIN_SELF = YES;
				CLANG_WARN_OBJC_LITERAL_CONVERSION = YES;
				CLANG_WARN_OBJC_ROOT_CLASS = YES_ERROR;
				CLANG_WARN_QUOTED_INCLUDE_IN_FRAMEWORK_HEADER = YES;
				CLANG_WARN_RANGE_LOOP_ANALYSIS = YES;
				CLANG_WARN_STRICT_PROTOTYPES = YES;
				CLANG_WARN_SUSPICIOUS_MOVE = YES;
				CLANG_WARN_UNGUARDED_AVAILABILITY = YES_AGGRESSIVE;
				CLANG_WARN_UNREACHABLE_CODE = YES;
				CLANG_WARN__DUPLICATE_METHOD_MATCH = YES;
				COPY_PHASE_STRIP = NO;
				DEBUG_INFORMATION_FORMAT = "dwarf-with-dsym";
				DEVELOPMENT_TEAM = Q3CS4DPG9Y;
				ENABLE_NS_ASSERTIONS = NO;
				ENABLE_STRICT_OBJC_MSGSEND = YES;
				ENABLE_USER_SCRIPT_SANDBOXING = YES;
				GCC_C_LANGUAGE_STANDARD = gnu17;
				GCC_NO_COMMON_BLOCKS = YES;
				GCC_WARN_64_TO_32_BIT_CONVERSION = YES;
				GCC_WARN_ABOUT_RETURN_TYPE = YES_ERROR;
				GCC_WARN_UNDECLARED_SELECTOR = YES;
				GCC_WARN_UNINITIALIZED_AUTOS = YES_AGGRESSIVE;
				GCC_WARN_UNUSED_FUNCTION = YES;
				GCC_WARN_UNUSED_VARIABLE = YES;
				LOCALIZATION_PREFERS_STRING_CATALOGS = YES;
				MACOSX_DEPLOYMENT_TARGET = 15.5;
				MTL_ENABLE_DEBUG_INFO = NO;
				MTL_FAST_MATH = YES;
				SDKROOT = macosx;
				SWIFT_COMPILATION_MODE = wholemodule;
			};
			name = Release;
		};
		A9A404752E86E2AA00722290 /* Debug */ = {
			isa = XCBuildConfiguration;
			buildSettings = {
				ASSETCATALOG_COMPILER_APPICON_NAME = AppIcon;
				ASSETCATALOG_COMPILER_GLOBAL_ACCENT_COLOR_NAME = AccentColor;
				CODE_SIGN_ENTITLEMENTS = DesktopHomeInfoScraper/DesktopHomeInfoScraper.entitlements;
				CODE_SIGN_STYLE = Automatic;
				COMBINE_HIDPI_IMAGES = YES;
				CURRENT_PROJECT_VERSION = 77;
				DEVELOPMENT_TEAM = Q3CS4DPG9Y;
				ENABLE_HARDENED_RUNTIME = YES;
				ENABLE_PREVIEWS = YES;
				GENERATE_INFOPLIST_FILE = YES;
				INFOPLIST_KEY_NSHumanReadableCopyright = "";
				LD_RUNPATH_SEARCH_PATHS = (
					"$(inherited)",
					"@executable_path/../Frameworks",
				);
				MARKETING_VERSION = 1.0;
				PRODUCT_BUNDLE_IDENTIFIER = RestRiseGrow.DesktopHomeInfoScraper;
				PRODUCT_NAME = "$(TARGET_NAME)";
				REGISTER_APP_GROUPS = YES;
				SWIFT_EMIT_LOC_STRINGS = YES;
				SWIFT_VERSION = 5.0;
			};
			name = Debug;
		};
		A9A404762E86E2AA00722290 /* Release */ = {
			isa = XCBuildConfiguration;
			buildSettings = {
				ASSETCATALOG_COMPILER_APPICON_NAME = AppIcon;
				ASSETCATALOG_COMPILER_GLOBAL_ACCENT_COLOR_NAME = AccentColor;
				CODE_SIGN_ENTITLEMENTS = DesktopHomeInfoScraper/DesktopHomeInfoScraper.entitlements;
				CODE_SIGN_STYLE = Automatic;
				COMBINE_HIDPI_IMAGES = YES;
				CURRENT_PROJECT_VERSION = 77;
				DEVELOPMENT_TEAM = Q3CS4DPG9Y;
				ENABLE_HARDENED_RUNTIME = YES;
				ENABLE_PREVIEWS = YES;
				GENERATE_INFOPLIST_FILE = YES;
				INFOPLIST_KEY_NSHumanReadableCopyright = "";
				LD_RUNPATH_SEARCH_PATHS = (
					"$(inherited)",
					"@executable_path/../Frameworks",
				);
				MARKETING_VERSION = 1.0;
				PRODUCT_BUNDLE_IDENTIFIER = RestRiseGrow.DesktopHomeInfoScraper;
				PRODUCT_NAME = "$(TARGET_NAME)";
				REGISTER_APP_GROUPS = YES;
				SWIFT_EMIT_LOC_STRINGS = YES;
				SWIFT_VERSION = 5.0;
			};
			name = Release;
		};
		A9A404782E86E2AA00722290 /* Debug */ = {
			isa = XCBuildConfiguration;
			buildSettings = {
				BUNDLE_LOADER = "$(TEST_HOST)";
				CODE_SIGN_STYLE = Automatic;
				CURRENT_PROJECT_VERSION = 1;
				DEVELOPMENT_TEAM = Q3CS4DPG9Y;
				GENERATE_INFOPLIST_FILE = YES;
				MACOSX_DEPLOYMENT_TARGET = 15.5;
				MARKETING_VERSION = 1.0;
				PRODUCT_BUNDLE_IDENTIFIER = RestRiseGrow.DesktopHomeInfoScraperTests;
				PRODUCT_NAME = "$(TARGET_NAME)";
				SWIFT_EMIT_LOC_STRINGS = NO;
				SWIFT_VERSION = 5.0;
				TEST_HOST = "$(BUILT_PRODUCTS_DIR)/DesktopHomeInfoScraper.app/$(BUNDLE_EXECUTABLE_FOLDER_PATH)/DesktopHomeInfoScraper";
			};
			name = Debug;
		};
		A9A404792E86E2AA00722290 /* Release */ = {
			isa = XCBuildConfiguration;
			buildSettings = {
				BUNDLE_LOADER = "$(TEST_HOST)";
				CODE_SIGN_STYLE = Automatic;
				CURRENT_PROJECT_VERSION = 1;
				DEVELOPMENT_TEAM = Q3CS4DPG9Y;
				GENERATE_INFOPLIST_FILE = YES;
				MACOSX_DEPLOYMENT_TARGET = 15.5;
				MARKETING_VERSION = 1.0;
				PRODUCT_BUNDLE_IDENTIFIER = RestRiseGrow.DesktopHomeInfoScraperTests;
				PRODUCT_NAME = "$(TARGET_NAME)";
				SWIFT_EMIT_LOC_STRINGS = NO;
				SWIFT_VERSION = 5.0;
				TEST_HOST = "$(BUILT_PRODUCTS_DIR)/DesktopHomeInfoScraper.app/$(BUNDLE_EXECUTABLE_FOLDER_PATH)/DesktopHomeInfoScraper";
			};
			name = Release;
		};
		A9A4047B2E86E2AA00722290 /* Debug */ = {
			isa = XCBuildConfiguration;
			buildSettings = {
				CODE_SIGN_STYLE = Automatic;
				CURRENT_PROJECT_VERSION = 1;
				DEVELOPMENT_TEAM = Q3CS4DPG9Y;
				GENERATE_INFOPLIST_FILE = YES;
				MARKETING_VERSION = 1.0;
				PRODUCT_BUNDLE_IDENTIFIER = RestRiseGrow.DesktopHomeInfoScraperUITests;
				PRODUCT_NAME = "$(TARGET_NAME)";
				SWIFT_EMIT_LOC_STRINGS = NO;
				SWIFT_VERSION = 5.0;
				TEST_TARGET_NAME = DesktopHomeInfoScraper;
			};
			name = Debug;
		};
		A9A4047C2E86E2AA00722290 /* Release */ = {
			isa = XCBuildConfiguration;
			buildSettings = {
				CODE_SIGN_STYLE = Automatic;
				CURRENT_PROJECT_VERSION = 1;
				DEVELOPMENT_TEAM = Q3CS4DPG9Y;
				GENERATE_INFOPLIST_FILE = YES;
				MARKETING_VERSION = 1.0;
				PRODUCT_BUNDLE_IDENTIFIER = RestRiseGrow.DesktopHomeInfoScraperUITests;
				PRODUCT_NAME = "$(TARGET_NAME)";
				SWIFT_EMIT_LOC_STRINGS = NO;
				SWIFT_VERSION = 5.0;
				TEST_TARGET_NAME = DesktopHomeInfoScraper;
			};
			name = Release;
		};
/* End XCBuildConfiguration section */

/* Begin XCConfigurationList section */
		A9A404482E86E2A900722290 /* Build configuration list for PBXProject "DesktopHomeInfoScraper" */ = {
			isa = XCConfigurationList;
			buildConfigurations = (
				A9A404722E86E2AA00722290 /* Debug */,
				A9A404732E86E2AA00722290 /* Release */,
			);
			defaultConfigurationIsVisible = 0;
			defaultConfigurationName = Release;
		};
		A9A404742E86E2AA00722290 /* Build configuration list for PBXNativeTarget "DesktopHomeInfoScraper" */ = {
			isa = XCConfigurationList;
			buildConfigurations = (
				A9A404752E86E2AA00722290 /* Debug */,
				A9A404762E86E2AA00722290 /* Release */,
			);
			defaultConfigurationIsVisible = 0;
			defaultConfigurationName = Release;
		};
		A9A404772E86E2AA00722290 /* Build configuration list for PBXNativeTarget "DesktopHomeInfoScraperTests" */ = {
			isa = XCConfigurationList;
			buildConfigurations = (
				A9A404782E86E2AA00722290 /* Debug */,
				A9A404792E86E2AA00722290 /* Release */,
			);
			defaultConfigurationIsVisible = 0;
			defaultConfigurationName = Release;
		};
		A9A4047A2E86E2AA00722290 /* Build configuration list for PBXNativeTarget "DesktopHomeInfoScraperUITests" */ = {
			isa = XCConfigurationList;
			buildConfigurations = (
				A9A4047B2E86E2AA00722290 /* Debug */,
				A9A4047C2E86E2AA00722290 /* Release */,
			);
			defaultConfigurationIsVisible = 0;
			defaultConfigurationName = Release;
		};
/* End XCConfigurationList section */
	};
	rootObject = A9A404452E86E2A900722290 /* Project object */;
}
